
Microsoft Visual Studio Solution File, Format Version 12.00
# Visual Studio Version 17
VisualStudioVersion = 17.7.34031.279
MinimumVisualStudioVersion = 10.0.40219.1
Project("{FAE04EC0-301F-11D3-BF4B-00C04F79EFBC}") = "CSGP4POC", "CSGP4POC.csproj", "{33E07238-20A7-4679-8DA9-74980E80CB51}"
EndProject
Global
	GlobalSection(SolutionConfigurationPlatforms) = preSolution
		Debug|Any CPU = Debug|Any CPU
		Release|Any CPU = Release|Any CPU
	EndGlobalSection
	GlobalSection(ProjectConfigurationPlatforms) = postSolution
		{33E07238-20A7-4679-8DA9-74980E80CB51}.Debug|Any CPU.ActiveCfg = Debug|Any CPU
		{33E07238-20A7-4679-8DA9-74980E80CB51}.Debug|Any CPU.Build.0 = Debug|Any CPU
		{33E07238-20A7-4679-8DA9-74980E80CB51}.Release|Any CPU.ActiveCfg = Release|Any CPU
		{33E07238-20A7-4679-8DA9-74980E80CB51}.Release|Any CPU.Build.0 = Release|Any CPU
	EndGlobalSection
	GlobalSection(SolutionProperties) = preSolution
		HideSolutionNode = FALSE
	EndGlobalSection
	GlobalSection(ExtensibilityGlobals) = postSolution
		SolutionGuid = {170266F8-B610-4A93-8A34-176C50318624}
	EndGlobalSection
EndGlobal
